<?xml version="1.0" encoding="utf-8"?>
<Project ToolsVersion="4.0" xmlns="http://schemas.microsoft.com/developer/msbuild/2003">
  <ItemGroup>
    <None Include="packages.config" />
    <None Include="shader\BasicShader.hlsli">
      <Filter>shader</Filter>
    </None>
    <None Include="shader\FrameConstants.hlsli">
      <Filter>shader</Filter>
    </None>
    <None Include="shader\LightConstants.hlsli">
      <Filter>shader</Filter>
    </None>
    <None Include="shader\MeshObjectConstants.hlsli">
      <Filter>shader</Filter>
    </None>
    <None Include="shader\SpriteObjectConstants.hlsli">
      <Filter>shader</Filter>
    </None>
    <None Include=".github\upgrades\assessment.md" />
    <None Include=".github\upgrades\plan.md" />
  </ItemGroup>
  <ItemGroup>
    <Filter Include="src">
      <UniqueIdentifier>{9228d479-17e9-4b29-9a6e-32526c169df7}</UniqueIdentifier>
    </Filter>
    <Filter Include="src\App">
      <UniqueIdentifier>{20bf63ba-b7e1-43d9-bf68-b4043055f153}</UniqueIdentifier>
    </Filter>
    <Filter Include="src\Engine">
      <UniqueIdentifier>{58207a22-6573-4d19-bedb-fadd45fd7dc5}</UniqueIdentifier>
    </Filter>
    <Filter Include="src\Game">
      <UniqueIdentifier>{faa05568-533e-4eea-bac3-199db7215371}</UniqueIdentifier>
    </Filter>
    <Filter Include="src\Main">
      <UniqueIdentifier>{21a2ed92-45f7-4678-8f80-a1b8182cacbf}</UniqueIdentifier>
    </Filter>
    <Filter Include="src\Engine\Actor">
      <UniqueIdentifier>{556bb3a1-b9b4-4d5a-bbc8-be1bacdd4134}</UniqueIdentifier>
    </Filter>
    <Filter Include="src\Engine\Audio">
      <UniqueIdentifier>{052c81f7-79b7-4fd4-9347-4994bf0826ff}</UniqueIdentifier>
    </Filter>
    <Filter Include="src\Engine\Component">
      <UniqueIdentifier>{647a7e70-ab25-426b-bb54-f0b314cdcb39}</UniqueIdentifier>
    </Filter>
    <Filter Include="src\Engine\Core">
      <UniqueIdentifier>{57aa2801-82ef-4c19-b32a-99ab160f53a2}</UniqueIdentifier>
    </Filter>
    <Filter Include="src\Engine\Graphics">
      <UniqueIdentifier>{b3461b1f-b6bb-44af-bab0-e4b463035402}</UniqueIdentifier>
    </Filter>
    <Filter Include="src\Engine\Input">
      <UniqueIdentifier>{4758a999-f2cf-4632-b79c-f40fca110304}</UniqueIdentifier>
    </Filter>
    <Filter Include="src\Engine\Model">
      <UniqueIdentifier>{4ae07d62-95e7-4986-aeaa-83988d017e22}</UniqueIdentifier>
    </Filter>
    <Filter Include="src\Engine\Physics">
      <UniqueIdentifier>{84500f43-51bf-4a78-bb69-90061c258c95}</UniqueIdentifier>
    </Filter>
    <Filter Include="src\Engine\Resource">
      <UniqueIdentifier>{af59852a-b0be-4a55-ad99-0febe66a507f}</UniqueIdentifier>
    </Filter>
    <Filter Include="src\Engine\Scene">
      <UniqueIdentifier>{81602145-6789-4086-b80b-e39d49dac534}</UniqueIdentifier>
    </Filter>
    <Filter Include="src\Engine\UI">
      <UniqueIdentifier>{2cf51516-be1f-431b-857c-d2ba7bf22a40}</UniqueIdentifier>
    </Filter>
    <Filter Include="src\Engine\Core\ComPtr">
      <UniqueIdentifier>{5874f547-f7c6-44fb-9b24-685bbf5f07f7}</UniqueIdentifier>
    </Filter>
    <Filter Include="src\Engine\Core\Context">
      <UniqueIdentifier>{93a818aa-78b5-49af-ab75-173f528824ba}</UniqueIdentifier>
    </Filter>
    <Filter Include="src\Engine\Core\Debug">
      <UniqueIdentifier>{fafcf039-1082-4697-8aae-b511902311ac}</UniqueIdentifier>
    </Filter>
    <Filter Include="src\Engine\Core\Random">
      <UniqueIdentifier>{fc9327a1-2aaa-4ffe-b6eb-889e3fed5d72}</UniqueIdentifier>
    </Filter>
    <Filter Include="src\Engine\Core\TIme">
      <UniqueIdentifier>{f40aecd0-96c5-4c99-92d8-e6beee5de8bb}</UniqueIdentifier>
    </Filter>
    <Filter Include="src\Engine\Core\Utility">
      <UniqueIdentifier>{cfa9c4a5-7994-4e46-98f0-ead9e8e36b89}</UniqueIdentifier>
    </Filter>
    <Filter Include="src\Engine\Core\Math">
      <UniqueIdentifier>{e0f84781-6703-4bb5-99ef-4e32dc049611}</UniqueIdentifier>
    </Filter>
    <Filter Include="shader">
      <UniqueIdentifier>{b156808f-47ee-4e3c-9be3-d1e272cdb339}</UniqueIdentifier>
    </Filter>
    <Filter Include="shader\VertexShader">
      <UniqueIdentifier>{4916c944-6fcb-43e1-8982-6a2a0b245a34}</UniqueIdentifier>
    </Filter>
    <Filter Include="shader\PixelShader">
      <UniqueIdentifier>{3c9013ff-8876-41c5-925c-6dd164a6d4ca}</UniqueIdentifier>
    </Filter>
    <Filter Include="src\Window">
      <UniqueIdentifier>{6efa6eac-94bf-444f-97d2-f97b31623b1e}</UniqueIdentifier>
    </Filter>
  </ItemGroup>
  <ItemGroup>
    <ClCompile Include="src\App\App.cpp">
      <Filter>src\App</Filter>
    </ClCompile>
    <ClCompile Include="src\Engine\Engine.cpp">
      <Filter>src\Engine</Filter>
    </ClCompile>
    <ClCompile Include="src\Engine\Actor\Actor.cpp">
      <Filter>src\Engine\Actor</Filter>
    </ClCompile>
    <ClCompile Include="src\Engine\Audio\Audio.cpp">
      <Filter>src\Engine\Audio</Filter>
    </ClCompile>
    <ClCompile Include="src\Engine\Component\Camera.cpp">
      <Filter>src\Engine\Component</Filter>
    </ClCompile>
    <ClCompile Include="src\Engine\Component\Component.cpp">
      <Filter>src\Engine\Component</Filter>
    </ClCompile>
    <ClCompile Include="src\Engine\Component\Transform.cpp">
      <Filter>src\Engine\Component</Filter>
    </ClCompile>
    <ClCompile Include="src\Engine\Core\Utility\SharedStruct.cpp">
      <Filter>src\Engine\Core\Utility</Filter>
    </ClCompile>
    <ClCompile Include="src\Engine\Core\Time\Time.cpp">
      <Filter>src\Engine\Core\TIme</Filter>
    </ClCompile>
    <ClCompile Include="src\Engine\Graphics\ConstantBuffer.cpp">
      <Filter>src\Engine\Graphics</Filter>
    </ClCompile>
    <ClCompile Include="src\Engine\Graphics\IndexBuffer.cpp">
      <Filter>src\Engine\Graphics</Filter>
    </ClCompile>
    <ClCompile Include="src\Engine\Graphics\PipelineState.cpp">
      <Filter>src\Engine\Graphics</Filter>
    </ClCompile>
    <ClCompile Include="src\Engine\Graphics\RenderData.cpp">
      <Filter>src\Engine\Graphics</Filter>
    </ClCompile>
    <ClCompile Include="src\Engine\Graphics\Renderer.cpp">
      <Filter>src\Engine\Graphics</Filter>
    </ClCompile>
    <ClCompile Include="src\Engine\Graphics\RootSignature.cpp">
      <Filter>src\Engine\Graphics</Filter>
    </ClCompile>
    <ClCompile Include="src\Engine\Graphics\ShaderLibrary.cpp">
      <Filter>src\Engine\Graphics</Filter>
    </ClCompile>
    <ClCompile Include="src\Engine\Graphics\VertexBuffer.cpp">
      <Filter>src\Engine\Graphics</Filter>
    </ClCompile>
    <ClCompile Include="src\Engine\Model\AssimpLoader.cpp">
      <Filter>src\Engine\Model</Filter>
    </ClCompile>
    <ClCompile Include="src\Engine\Physics\CollisionData.cpp">
      <Filter>src\Engine\Physics</Filter>
    </ClCompile>
    <ClCompile Include="src\Engine\Physics\CollisionSystem.cpp">
      <Filter>src\Engine\Physics</Filter>
    </ClCompile>
    <ClCompile Include="src\Engine\Resource\MeshGPU.cpp">
      <Filter>src\Engine\Resource</Filter>
    </ClCompile>
    <ClCompile Include="src\Engine\Resource\MeshManager.cpp">
      <Filter>src\Engine\Resource</Filter>
    </ClCompile>
    <ClCompile Include="src\Engine\Resource\TextureManager.cpp">
      <Filter>src\Engine\Resource</Filter>
    </ClCompile>
    <ClCompile Include="src\Engine\Scene\SceneBase.cpp">
      <Filter>src\Engine\Scene</Filter>
    </ClCompile>
    <ClCompile Include="src\Engine\Scene\SceneManager.cpp">
      <Filter>src\Engine\Scene</Filter>
    </ClCompile>
    <ClCompile Include="src\Engine\UI\Canvas.cpp">
      <Filter>src\Engine\UI</Filter>
    </ClCompile>
    <ClCompile Include="src\Engine\UI\UIRenderer.cpp">
      <Filter>src\Engine\UI</Filter>
    </ClCompile>
    <ClCompile Include="src\Engine\UI\UIImage.cpp">
      <Filter>src\Engine\UI</Filter>
    </ClCompile>
    <ClCompile Include="src\Game\GameScene.cpp">
      <Filter>src\Game</Filter>
    </ClCompile>
    <ClCompile Include="src\Game\Player.cpp">
      <Filter>src\Game</Filter>
    </ClCompile>
    <ClCompile Include="src\Game\TitleScene.cpp">
      <Filter>src\Game</Filter>
    </ClCompile>
    <ClCompile Include="src\Main\main.cpp">
      <Filter>src\Main</Filter>
    </ClCompile>
    <ClCompile Include="src\Engine\Input\InputManager.cpp">
      <Filter>src\Engine\Input</Filter>
    </ClCompile>
    <ClCompile Include="src\Engine\Input\keyboard.cpp">
      <Filter>src\Engine\Input</Filter>
    </ClCompile>
    <ClCompile Include="src\Engine\Input\Controller.cpp">
      <Filter>src\Engine\Input</Filter>
    </ClCompile>
    <ClCompile Include="src\Engine\Graphics\RenderTemplateFactory.cpp">
      <Filter>src\Engine\Graphics</Filter>
    </ClCompile>
    <ClCompile Include="src\Engine\Core\Math\Math.cpp">
      <Filter>src\Engine\Core\Math</Filter>
    </ClCompile>
    <ClCompile Include="src\Engine\Component\MeshRenderer.cpp">
      <Filter>src\Engine\Component</Filter>
    </ClCompile>
    <ClCompile Include="src\Engine\Graphics\RenderSystem.cpp">
      <Filter>src\Engine\Graphics</Filter>
    </ClCompile>
    <ClCompile Include="src\Engine\Graphics\CameraSystem.cpp">
      <Filter>src\Engine\Graphics</Filter>
    </ClCompile>
    <ClCompile Include="src\Game\CameraTest.cpp">
      <Filter>src\Game</Filter>
    </ClCompile>
    <ClCompile Include="src\Engine\Graphics\DescriptorHeap.cpp">
      <Filter>src\Engine\Graphics</Filter>
    </ClCompile>
    <ClCompile Include="src\Engine\Graphics\DescriptorHeapAllocator.cpp">
      <Filter>src\Engine\Graphics</Filter>
    </ClCompile>
    <ClCompile Include="src\Engine\Component\SpriteRenderer.cpp">
      <Filter>src\Engine\Component</Filter>
    </ClCompile>
    <ClCompile Include="src\Engine\Resource\GpuTexture.cpp">
      <Filter>src\Engine\Resource</Filter>
    </ClCompile>
    <ClCompile Include="src\Engine\Component\Collider.cpp">
      <Filter>src\Engine\Component</Filter>
    </ClCompile>
    <ClCompile Include="src\Engine\Actor\ActorFactory.cpp">
      <Filter>src\Engine\Actor</Filter>
    </ClCompile>
    <ClCompile Include="src\Engine\Component\RendererComponent.cpp">
      <Filter>src\Engine\Component</Filter>
    </ClCompile>
    <ClCompile Include="src\Engine\Component\RectTransform.cpp">
      <Filter>src\Engine\Component</Filter>
    </ClCompile>
  </ItemGroup>
  <ItemGroup>
    <ClInclude Include="src\App\App.h">
      <Filter>src\App</Filter>
    </ClInclude>
    <ClInclude Include="src\Engine\Engine.h">
      <Filter>src\Engine</Filter>
    </ClInclude>
    <ClInclude Include="src\Engine\Actor\Actor.h">
      <Filter>src\Engine\Actor</Filter>
    </ClInclude>
    <ClInclude Include="src\Engine\Audio\Audio.h">
      <Filter>src\Engine\Audio</Filter>
    </ClInclude>
    <ClInclude Include="src\Engine\Audio\AudioData.h">
      <Filter>src\Engine\Audio</Filter>
    </ClInclude>
    <ClInclude Include="src\Engine\Component\AssimpNodeTransformAnim.h">
      <Filter>src\Engine\Component</Filter>
    </ClInclude>
    <ClInclude Include="src\Engine\Component\Behavior.h">
      <Filter>src\Engine\Component</Filter>
    </ClInclude>
    <ClInclude Include="src\Engine\Component\Component.h">
      <Filter>src\Engine\Component</Filter>
    </ClInclude>
    <ClInclude Include="src\Engine\Component\MeshRenderer.h">
      <Filter>src\Engine\Component</Filter>
    </ClInclude>
    <ClInclude Include="src\Engine\Component\Transform.h">
      <Filter>src\Engine\Component</Filter>
    </ClInclude>
    <ClInclude Include="src\Engine\Core\Utility\SharedStruct.h">
      <Filter>src\Engine\Core\Utility</Filter>
    </ClInclude>
    <ClInclude Include="src\Engine\Core\Time\Time.h">
      <Filter>src\Engine\Core\TIme</Filter>
    </ClInclude>
    <ClInclude Include="src\Engine\Core\Random\Random.h">
      <Filter>src\Engine\Core\Random</Filter>
    </ClInclude>
    <ClInclude Include="src\Engine\Core\Debug\Debug.h">
      <Filter>src\Engine\Core\Debug</Filter>
    </ClInclude>
    <ClInclude Include="src\Engine\Core\Context\Context.h">
      <Filter>src\Engine\Core\Context</Filter>
    </ClInclude>
    <ClInclude Include="src\Engine\Core\ComPtr\ComPtr.h">
      <Filter>src\Engine\Core\ComPtr</Filter>
    </ClInclude>
    <ClInclude Include="src\Engine\Graphics\ConstantBuffer.h">
      <Filter>src\Engine\Graphics</Filter>
    </ClInclude>
    <ClInclude Include="src\Engine\Graphics\IndexBuffer.h">
      <Filter>src\Engine\Graphics</Filter>
    </ClInclude>
    <ClInclude Include="src\Engine\Graphics\PipelineState.h">
      <Filter>src\Engine\Graphics</Filter>
    </ClInclude>
    <ClInclude Include="src\Engine\Graphics\RenderData.h">
      <Filter>src\Engine\Graphics</Filter>
    </ClInclude>
    <ClInclude Include="src\Engine\Graphics\Renderer.h">
      <Filter>src\Engine\Graphics</Filter>
    </ClInclude>
    <ClInclude Include="src\Engine\Graphics\RootSignature.h">
      <Filter>src\Engine\Graphics</Filter>
    </ClInclude>
    <ClInclude Include="src\Engine\Graphics\ShaderLibrary.h">
      <Filter>src\Engine\Graphics</Filter>
    </ClInclude>
    <ClInclude Include="src\Engine\Graphics\VertexBuffer.h">
      <Filter>src\Engine\Graphics</Filter>
    </ClInclude>
    <ClInclude Include="src\Engine\Model\AssimpLoader.h">
      <Filter>src\Engine\Model</Filter>
    </ClInclude>
    <ClInclude Include="src\Engine\Physics\CollisionData.h">
      <Filter>src\Engine\Physics</Filter>
    </ClInclude>
    <ClInclude Include="src\Engine\Physics\CollisionSystem.h">
      <Filter>src\Engine\Physics</Filter>
    </ClInclude>
    <ClInclude Include="src\Engine\Resource\MeshGPU.h">
      <Filter>src\Engine\Resource</Filter>
    </ClInclude>
    <ClInclude Include="src\Engine\Resource\MeshManager.h">
      <Filter>src\Engine\Resource</Filter>
    </ClInclude>
    <ClInclude Include="src\Engine\Resource\TextureManager.h">
      <Filter>src\Engine\Resource</Filter>
    </ClInclude>
    <ClInclude Include="src\Engine\Scene\SceneBase.h">
      <Filter>src\Engine\Scene</Filter>
    </ClInclude>
    <ClInclude Include="src\Engine\Scene\SceneManager.h">
      <Filter>src\Engine\Scene</Filter>
    </ClInclude>
    <ClInclude Include="src\Engine\UI\Canvas.h">
      <Filter>src\Engine\UI</Filter>
    </ClInclude>
    <ClInclude Include="src\Engine\UI\UIRenderer.h">
      <Filter>src\Engine\UI</Filter>
    </ClInclude>
    <ClInclude Include="src\Engine\UI\UIImage.h">
      <Filter>src\Engine\UI</Filter>
    </ClInclude>
    <ClInclude Include="src\Game\GameScene.h">
      <Filter>src\Game</Filter>
    </ClInclude>
    <ClInclude Include="src\Game\Player.h">
      <Filter>src\Game</Filter>
    </ClInclude>
    <ClInclude Include="src\Game\TitleScene.h">
      <Filter>src\Game</Filter>
    </ClInclude>
    <ClInclude Include="src\Main\main.h">
      <Filter>src\Main</Filter>
    </ClInclude>
    <ClInclude Include="src\Engine\Input\InputManager.h">
      <Filter>src\Engine\Input</Filter>
    </ClInclude>
    <ClInclude Include="src\Engine\Input\keyboard.h">
      <Filter>src\Engine\Input</Filter>
    </ClInclude>
    <ClInclude Include="src\Engine\Component\Camera.h">
      <Filter>src\Engine\Component</Filter>
    </ClInclude>
    <ClInclude Include="src\Engine\Input\Controller.h">
      <Filter>src\Engine\Input</Filter>
    </ClInclude>
    <ClInclude Include="src\Engine\Core\Math\Math.h">
      <Filter>src\Engine\Core\Math</Filter>
    </ClInclude>
    <ClInclude Include="CameraSystem.h">
      <Filter>src\Engine\Graphics</Filter>
    </ClInclude>
    <ClInclude Include="src\Engine\Graphics\RenderSystem.h">
      <Filter>src\Engine\Graphics</Filter>
    </ClInclude>
    <ClInclude Include="src\Engine\Graphics\RenderTemplateFactory.h">
      <Filter>src\Engine\Graphics</Filter>
    </ClInclude>
    <ClInclude Include="src\Game\CameraTest.h">
      <Filter>src\Game</Filter>
    </ClInclude>
    <ClInclude Include="src\Engine\Component\ComponentPolicy.h">
      <Filter>src\Engine\Component</Filter>
    </ClInclude>
    <ClInclude Include="src\Engine\Graphics\DescriptorHeap.h">
      <Filter>src\Engine\Graphics</Filter>
    </ClInclude>
    <ClInclude Include="src\Engine\Graphics\DescriptorHeapAllocator.h">
      <Filter>src\Engine\Graphics</Filter>
    </ClInclude>
    <ClInclude Include="src\Engine\Resource\Texture.h">
      <Filter>src\Engine\Resource</Filter>
    </ClInclude>
    <ClInclude Include="src\Engine\Resource\GpuTexture.h">
      <Filter>src\Engine\Resource</Filter>
    </ClInclude>
    <ClInclude Include="src\Engine\Graphics\FrameRenderData.h">
      <Filter>src\Engine\Graphics</Filter>
    </ClInclude>
    <ClInclude Include="src\Engine\Component\SpriteRenderer.h">
      <Filter>src\Engine\Component</Filter>
    </ClInclude>
    <ClInclude Include="src\Engine\Graphics\RenderPipeline.h">
      <Filter>src\Engine\Graphics</Filter>
    </ClInclude>
    <ClInclude Include="src\Engine\Component\Collider.h">
      <Filter>src\Engine\Component</Filter>
    </ClInclude>
    <ClInclude Include="src\Engine\Actor\ActorFactory.h">
      <Filter>src\Engine\Actor</Filter>
    </ClInclude>
    <ClInclude Include="src\Engine\Component\RectTransform.h">
      <Filter>src\Engine\Component</Filter>
    </ClInclude>
    <ClInclude Include="src\Engine\Component\RendererComponent.h">
      <Filter>src\Engine\Component</Filter>
    </ClInclude>
    <ClInclude Include="src\Engine\Window\WindowInfo.h">
      <Filter>src\Window</Filter>
    </ClInclude>
  </ItemGroup>
  <ItemGroup>
    <FxCompile Include="shader\PixelShader\MeshPS.hlsl">
      <Filter>shader\PixelShader</Filter>
    </FxCompile>
    <FxCompile Include="shader\PixelShader\SpritePS.hlsl">
      <Filter>shader\PixelShader</Filter>
    </FxCompile>
    <FxCompile Include="shader\PixelShader\PostEffectPS.hlsl">
      <Filter>shader\PixelShader</Filter>
    </FxCompile>
    <FxCompile Include="shader\VertexShader\MeshVS.hlsl">
      <Filter>shader\VertexShader</Filter>
    </FxCompile>
    <FxCompile Include="shader\VertexShader\PostEffectVS.hlsl">
      <Filter>shader\VertexShader</Filter>
    </FxCompile>
    <FxCompile Include="shader\VertexShader\SpriteVS.hlsl">
      <Filter>shader\VertexShader</Filter>
    </FxCompile>
    <FxCompile Include="shader\VertexShader\ShadowVS.hlsl">
      <Filter>shader\VertexShader</Filter>
    </FxCompile>
  </ItemGroup>
</Project>